// !$*UTF8*$!
{
	archiveVersion = 1;
	classes = {
	};
	objectVersion = 77;
	objects = {

/* Begin PBXContainerItemProxy section */
		E09AE2E02D3373EB00C580FF /* PBXContainerItemProxy */ = {
			isa = PBXContainerItemProxy;
			containerPortal = E09AE2C12D3373E900C580FF /* Project object */;
			proxyType = 1;
			remoteGlobalIDString = E09AE2C82D3373E900C580FF;
			remoteInfo = LookScanned;
		};
		E09AE2EA2D3373EB00C580FF /* PBXContainerItemProxy */ = {
			isa = PBXContainerItemProxy;
			containerPortal = E09AE2C12D3373E900C580FF /* Project object */;
			proxyType = 1;
			remoteGlobalIDString = E09AE2C82D3373E900C580FF;
			remoteInfo = LookScanned;
		};
/* End PBXContainerItemProxy section */

/* Begin PBXFileReference section */
		E09AE2C92D3373E900C580FF /* LookScanned.app */ = {isa = PBXFileReference; explicitFileType = wrapper.application; includeInIndex = 0; path = LookScanned.app; sourceTree = BUILT_PRODUCTS_DIR; };
		E09AE2DF2D3373EB00C580FF /* LookScannedTests.xctest */ = {isa = PBXFileReference; explicitFileType = wrapper.cfbundle; includeInIndex = 0; path = LookScannedTests.xctest; sourceTree = BUILT_PRODUCTS_DIR; };
		E09AE2E92D3373EB00C580FF /* LookScannedUITests.xctest */ = {isa = PBXFileReference; explicitFileType = wrapper.cfbundle; includeInIndex = 0; path = LookScannedUITests.xctest; sourceTree = BUILT_PRODUCTS_DIR; };
/* End PBXFileReference section */

/* Begin PBXFileSystemSynchronizedBuildFileExceptionSet section */
		E09AE2F12D3373EB00C580FF /* Exceptions for "LookScanned" folder in "LookScanned" target */ = {
			isa = PBXFileSystemSynchronizedBuildFileExceptionSet;
			membershipExceptions = (
				Info.plist,
			);
			target = E09AE2C82D3373E900C580FF /* LookScanned */;
		};
/* End PBXFileSystemSynchronizedBuildFileExceptionSet section */

/* Begin PBXFileSystemSynchronizedRootGroup section */
		E09AE2CB2D3373E900C580FF /* LookScanned */ = {
			isa = PBXFileSystemSynchronizedRootGroup;
			exceptions = (
				E09AE2F12D3373EB00C580FF /* Exceptions for "LookScanned" folder in "LookScanned" target */,
			);
			path = LookScanned;
			sourceTree = "<group>";
		};
		E09AE2E22D3373EB00C580FF /* LookScannedTests */ = {
			isa = PBXFileSystemSynchronizedRootGroup;
			path = LookScannedTests;
			sourceTree = "<group>";
		};
		E09AE2EC2D3373EB00C580FF /* LookScannedUITests */ = {
			isa = PBXFileSystemSynchronizedRootGroup;
			path = LookScannedUITests;
			sourceTree = "<group>";
		};
/* End PBXFileSystemSynchronizedRootGroup section */

/* Begin PBXFrameworksBuildPhase section */
		E09AE2C62D3373E900C580FF /* Frameworks */ = {
			isa = PBXFrameworksBuildPhase;
			buildActionMask = 2147483647;
			files = (
			);
			runOnlyForDeploymentPostprocessing = 0;
		};
		E09AE2DC2D3373EB00C580FF /* Frameworks */ = {
			isa = PBXFrameworksBuildPhase;
			buildActionMask = 2147483647;
			files = (
			);
			runOnlyForDeploymentPostprocessing = 0;
		};
		E09AE2E62D3373EB00C580FF /* Frameworks */ = {
			isa = PBXFrameworksBuildPhase;
			buildActionMask = 2147483647;
			files = (
			);
			runOnlyForDeploymentPostprocessing = 0;
		};
/* End PBXFrameworksBuildPhase section */

/* Begin PBXGroup section */
		E09AE2C02D3373E900C580FF = {
			isa = PBXGroup;
			children = (
				E09AE2CB2D3373E900C580FF /* LookScanned */,
				E09AE2E22D3373EB00C580FF /* LookScannedTests */,
				E09AE2EC2D3373EB00C580FF /* LookScannedUITests */,
				E09AE2CA2D3373E900C580FF /* Products */,
			);
			sourceTree = "<group>";
		};
		E09AE2CA2D3373E900C580FF /* Products */ = {
			isa = PBXGroup;
			children = (
				E09AE2C92D3373E900C580FF /* LookScanned.app */,
				E09AE2DF2D3373EB00C580FF /* LookScannedTests.xctest */,
				E09AE2E92D3373EB00C580FF /* LookScannedUITests.xctest */,
			);
			name = Products;
			sourceTree = "<group>";
		};
/* End PBXGroup section */

/* Begin PBXNativeTarget section */
		E09AE2C82D3373E900C580FF /* LookScanned */ = {
			isa = PBXNativeTarget;
			buildConfigurationList = E09AE2F22D3373EB00C580FF /* Build configuration list for PBXNativeTarget "LookScanned" */;
			buildPhases = (
				E09AE2C52D3373E900C580FF /* Sources */,
				E09AE2C62D3373E900C580FF /* Frameworks */,
				E09AE2C72D3373E900C580FF /* Resources */,
			);
			buildRules = (
			);
			dependencies = (
			);
			fileSystemSynchronizedGroups = (
				E09AE2CB2D3373E900C580FF /* LookScanned */,
			);
			name = LookScanned;
			packageProductDependencies = (
			);
			productName = LookScanned;
			productReference = E09AE2C92D3373E900C580FF /* LookScanned.app */;
			productType = "com.apple.product-type.application";
		};
		E09AE2DE2D3373EB00C580FF /* LookScannedTests */ = {
			isa = PBXNativeTarget;
			buildConfigurationList = E09AE2F72D3373EB00C580FF /* Build configuration list for PBXNativeTarget "LookScannedTests" */;
			buildPhases = (
				E09AE2DB2D3373EB00C580FF /* Sources */,
				E09AE2DC2D3373EB00C580FF /* Frameworks */,
				E09AE2DD2D3373EB00C580FF /* Resources */,
			);
			buildRules = (
			);
			dependencies = (
				E09AE2E12D3373EB00C580FF /* PBXTargetDependency */,
			);
			fileSystemSynchronizedGroups = (
				E09AE2E22D3373EB00C580FF /* LookScannedTests */,
			);
			name = LookScannedTests;
			packageProductDependencies = (
			);
			productName = LookScannedTests;
			productReference = E09AE2DF2D3373EB00C580FF /* LookScannedTests.xctest */;
			productType = "com.apple.product-type.bundle.unit-test";
		};
		E09AE2E82D3373EB00C580FF /* LookScannedUITests */ = {
			isa = PBXNativeTarget;
			buildConfigurationList = E09AE2FA2D3373EB00C580FF /* Build configuration list for PBXNativeTarget "LookScannedUITests" */;
			buildPhases = (
				E09AE2E52D3373EB00C580FF /* Sources */,
				E09AE2E62D3373EB00C580FF /* Frameworks */,
				E09AE2E72D3373EB00C580FF /* Resources */,
			);
			buildRules = (
			);
			dependencies = (
				E09AE2EB2D3373EB00C580FF /* PBXTargetDependency */,
			);
			fileSystemSynchronizedGroups = (
				E09AE2EC2D3373EB00C580FF /* LookScannedUITests */,
			);
			name = LookScannedUITests;
			packageProductDependencies = (
			);
			productName = LookScannedUITests;
			productReference = E09AE2E92D3373EB00C580FF /* LookScannedUITests.xctest */;
			productType = "com.apple.product-type.bundle.ui-testing";
		};
/* End PBXNativeTarget section */

/* Begin PBXProject section */
		E09AE2C12D3373E900C580FF /* Project object */ = {
			isa = PBXProject;
			attributes = {
				BuildIndependentTargetsInParallel = 1;
				LastSwiftUpdateCheck = 1610;
				LastUpgradeCheck = 1610;
				TargetAttributes = {
					E09AE2C82D3373E900C580FF = {
						CreatedOnToolsVersion = 16.1;
					};
					E09AE2DE2D3373EB00C580FF = {
						CreatedOnToolsVersion = 16.1;
						TestTargetID = E09AE2C82D3373E900C580FF;
					};
					E09AE2E82D3373EB00C580FF = {
						CreatedOnToolsVersion = 16.1;
						TestTargetID = E09AE2C82D3373E900C580FF;
					};
				};
			};
			buildConfigurationList = E09AE2C42D3373E900C580FF /* Build configuration list for PBXProject "LookScanned" */;
			developmentRegion = en;
			hasScannedForEncodings = 0;
			knownRegions = (
				en,
				Base,
			);
			mainGroup = E09AE2C02D3373E900C580FF;
			minimizedProjectReferenceProxies = 1;
			preferredProjectObjectVersion = 77;
			productRefGroup = E09AE2CA2D3373E900C580FF /* Products */;
			projectDirPath = "";
			projectRoot = "";
			targets = (
				E09AE2C82D3373E900C580FF /* LookScanned */,
				E09AE2DE2D3373EB00C580FF /* LookScannedTests */,
				E09AE2E82D3373EB00C580FF /* LookScannedUITests */,
			);
		};
/* End PBXProject section */

/* Begin PBXResourcesBuildPhase section */
		E09AE2C72D3373E900C580FF /* Resources */ = {
			isa = PBXResourcesBuildPhase;
			buildActionMask = 2147483647;
			files = (
			);
			runOnlyForDeploymentPostprocessing = 0;
		};
		E09AE2DD2D3373EB00C580FF /* Resources */ = {
			isa = PBXResourcesBuildPhase;
			buildActionMask = 2147483647;
			files = (
			);
			runOnlyForDeploymentPostprocessing = 0;
		};
		E09AE2E72D3373EB00C580FF /* Resources */ = {
			isa = PBXResourcesBuildPhase;
			buildActionMask = 2147483647;
			files = (
			);
			runOnlyForDeploymentPostprocessing = 0;
		};
/* End PBXResourcesBuildPhase section */

/* Begin PBXSourcesBuildPhase section */
		E09AE2C52D3373E900C580FF /* Sources */ = {
			isa = PBXSourcesBuildPhase;
			buildActionMask = 2147483647;
			files = (
			);
			runOnlyForDeploymentPostprocessing = 0;
		};
		E09AE2DB2D3373EB00C580FF /* Sources */ = {
			isa = PBXSourcesBuildPhase;
			buildActionMask = 2147483647;
			files = (
			);
			runOnlyForDeploymentPostprocessing = 0;
		};
		E09AE2E52D3373EB00C580FF /* Sources */ = {
			isa = PBXSourcesBuildPhase;
			buildActionMask = 2147483647;
			files = (
			);
			runOnlyForDeploymentPostprocessing = 0;
		};
/* End PBXSourcesBuildPhase section */

/* Begin PBXTargetDependency section */
		E09AE2E12D3373EB00C580FF /* PBXTargetDependency */ = {
			isa = PBXTargetDependency;
			target = E09AE2C82D3373E900C580FF /* LookScanned */;
			targetProxy = E09AE2E02D3373EB00C580FF /* PBXContainerItemProxy */;
		};
		E09AE2EB2D3373EB00C580FF /* PBXTargetDependency */ = {
			isa = PBXTargetDependency;
			target = E09AE2C82D3373E900C580FF /* LookScanned */;
			targetProxy = E09AE2EA2D3373EB00C580FF /* PBXContainerItemProxy */;
		};
/* End PBXTargetDependency section */

/* Begin XCBuildConfiguration section */
		E09AE2F32D3373EB00C580FF /* Debug */ = {
			isa = XCBuildConfiguration;
			buildSettings = {
				ASSETCATALOG_COMPILER_APPICON_NAME = AppIcon;
				ASSETCATALOG_COMPILER_GLOBAL_ACCENT_COLOR_NAME = AccentColor;
				CODE_SIGN_STYLE = Automatic;
				CURRENT_PROJECT_VERSION = 4;
				DEVELOPMENT_TEAM = 6L5MWKB76A;
				GENERATE_INFOPLIST_FILE = YES;
				INFOPLIST_FILE = LookScanned/Info.plist;
				INFOPLIST_KEY_NSDocumentsFolderUsageDescription = "This app requires access to your documents to upload PDFs";
				INFOPLIST_KEY_UIApplicationSupportsIndirectInputEvents = YES;
				INFOPLIST_KEY_UILaunchStoryboardName = LaunchScreen;
				INFOPLIST_KEY_UIMainStoryboardFile = Main;
				INFOPLIST_KEY_UIStatusBarStyle = "";
				INFOPLIST_KEY_UISupportedInterfaceOrientations = UIInterfaceOrientationPortrait;
				INFOPLIST_KEY_UISupportedInterfaceOrientations_iPad = "UIInterfaceOrientationPortrait UIInterfaceOrientationPortraitUpsideDown";
				IPHONEOS_DEPLOYMENT_TARGET = 17.0;
				LD_RUNPATH_SEARCH_PATHS = (
					"$(inherited)",
					"@executable_path/Frameworks",
				);
				MARKETING_VERSION = 1.1;
				PRODUCT_BUNDLE_IDENTIFIER = cc.a7mad.LookScanned;
				PRODUCT_NAME = "$(TARGET_NAME)";
				SUPPORTED_PLATFORMS = "iphoneos iphonesimulator";
				SUPPORTS_MACCATALYST = NO;
				SUPPORTS_MAC_DESIGNED_FOR_IPHONE_IPAD = YES;
				SUPPORTS_XR_DESIGNED_FOR_IPHONE_IPAD = NO;
				SWIFT_EMIT_LOC_STRINGS = YES;
				SWIFT_VERSION = 5.0;
				TARGETED_DEVICE_FAMILY = "1,2";
			};
			name = Debug;
		};
		E09AE2F42D3373EB00C580FF /* Release */ = {
			isa = XCBuildConfiguration;
			buildSettings = {
				ASSETCATALOG_COMPILER_APPICON_NAME = AppIcon;
				ASSETCATALOG_COMPILER_GLOBAL_ACCENT_COLOR_NAME = AccentColor;
				CODE_SIGN_STYLE = Automatic;
				CURRENT_PROJECT_VERSION = 4;
				DEVELOPMENT_TEAM = 6L5MWKB76A;
				GENERATE_INFOPLIST_FILE = YES;
				INFOPLIST_FILE = LookScanned/Info.plist;
				INFOPLIST_KEY_NSDocumentsFolderUsageDescription = "This app requires access to your documents to upload PDFs";
				INFOPLIST_KEY_UIApplicationSupportsIndirectInputEvents = YES;
				INFOPLIST_KEY_UILaunchStoryboardName = LaunchScreen;
				INFOPLIST_KEY_UIMainStoryboardFile = Main;
				INFOPLIST_KEY_UIStatusBarStyle = "";
				INFOPLIST_KEY_UISupportedInterfaceOrientations = UIInterfaceOrientationPortrait;
				INFOPLIST_KEY_UISupportedInterfaceOrientations_iPad = "UIInterfaceOrientationPortrait UIInterfaceOrientationPortraitUpsideDown";
				IPHONEOS_DEPLOYMENT_TARGET = 17.0;
				LD_RUNPATH_SEARCH_PATHS = (
					"$(inherited)",
					"@executable_path/Frameworks",
				);
				MARKETING_VERSION = 1.1;
				PRODUCT_BUNDLE_IDENTIFIER = cc.a7mad.LookScanned;
				PRODUCT_NAME = "$(TARGET_NAME)";
				SUPPORTED_PLATFORMS = "iphoneos iphonesimulator";
				SUPPORTS_MACCATALYST = NO;
				SUPPORTS_MAC_DESIGNED_FOR_IPHONE_IPAD = YES;
				SUPPORTS_XR_DESIGNED_FOR_IPHONE_IPAD = NO;
				SWIFT_EMIT_LOC_STRINGS = YES;
				SWIFT_VERSION = 5.0;
				TARGETED_DEVICE_FAMILY = "1,2";
			};
			name = Release;
		};
		E09AE2F52D3373EB00C580FF /* Debug */ = {
			isa = XCBuildConfiguration;
			buildSettings = {
				ALWAYS_SEARCH_USER_PATHS = NO;
				ASSETCATALOG_COMPILER_GENERATE_SWIFT_ASSET_SYMBOL_EXTENSIONS = YES;
				CLANG_ANALYZER_NONNULL = YES;
				CLANG_ANALYZER_NUMBER_OBJECT_CONVERSION = YES_AGGRESSIVE;
				CLANG_CXX_LANGUAGE_STANDARD = "gnu++20";
				CLANG_ENABLE_MODULES = YES;
				CLANG_ENABLE_OBJC_ARC = YES;
				CLANG_ENABLE_OBJC_WEAK = YES;
				CLANG_WARN_BLOCK_CAPTURE_AUTORELEASING = YES;
				CLANG_WARN_BOOL_CONVERSION = YES;
				CLANG_WARN_COMMA = YES;
				CLANG_WARN_CONSTANT_CONVERSION = YES;
				CLANG_WARN_DEPRECATED_OBJC_IMPLEMENTATIONS = YES;
				CLANG_WARN_DIRECT_OBJC_ISA_USAGE = YES_ERROR;
				CLANG_WARN_DOCUMENTATION_COMMENTS = YES;
				CLANG_WARN_EMPTY_BODY = YES;
				CLANG_WARN_ENUM_CONVERSION = YES;
				CLANG_WARN_INFINITE_RECURSION = YES;
				CLANG_WARN_INT_CONVERSION = YES;
				CLANG_WARN_NON_LITERAL_NULL_CONVERSION = YES;
				CLANG_WARN_OBJC_IMPLICIT_RETAIN_SELF = YES;
				CLANG_WARN_OBJC_LITERAL_CONVERSION = YES;
				CLANG_WARN_OBJC_ROOT_CLASS = YES_ERROR;
				CLANG_WARN_QUOTED_INCLUDE_IN_FRAMEWORK_HEADER = YES;
				CLANG_WARN_RANGE_LOOP_ANALYSIS = YES;
				CLANG_WARN_STRICT_PROTOTYPES = YES;
				CLANG_WARN_SUSPICIOUS_MOVE = YES;
				CLANG_WARN_UNGUARDED_AVAILABILITY = YES_AGGRESSIVE;
				CLANG_WARN_UNREACHABLE_CODE = YES;
				CLANG_WARN__DUPLICATE_METHOD_MATCH = YES;
				COPY_PHASE_STRIP = NO;
				DEBUG_INFORMATION_FORMAT = dwarf;
				ENABLE_STRICT_OBJC_MSGSEND = YES;
				ENABLE_TESTABILITY = YES;
				ENABLE_USER_SCRIPT_SANDBOXING = YES;
				GCC_C_LANGUAGE_STANDARD = gnu17;
				GCC_DYNAMIC_NO_PIC = NO;
				GCC_NO_COMMON_BLOCKS = YES;
				GCC_OPTIMIZATION_LEVEL = 0;
				GCC_PREPROCESSOR_DEFINITIONS = (
					"DEBUG=1",
					"$(inherited)",
				);
				GCC_WARN_64_TO_32_BIT_CONVERSION = YES;
				GCC_WARN_ABOUT_RETURN_TYPE = YES_ERROR;
				GCC_WARN_UNDECLARED_SELECTOR = YES;
				GCC_WARN_UNINITIALIZED_AUTOS = YES_AGGRESSIVE;
				GCC_WARN_UNUSED_FUNCTION = YES;
				GCC_WARN_UNUSED_VARIABLE = YES;
				IPHONEOS_DEPLOYMENT_TARGET = 18.1;
				LOCALIZATION_PREFERS_STRING_CATALOGS = YES;
				MTL_ENABLE_DEBUG_INFO = INCLUDE_SOURCE;
				MTL_FAST_MATH = YES;
				ONLY_ACTIVE_ARCH = YES;
				SDKROOT = iphoneos;
				SWIFT_ACTIVE_COMPILATION_CONDITIONS = "DEBUG $(inherited)";
				SWIFT_OPTIMIZATION_LEVEL = "-Onone";
			};
			name = Debug;
		};
		E09AE2F62D3373EB00C580FF /* Release */ = {
			isa = XCBuildConfiguration;
			buildSettings = {
				ALWAYS_SEARCH_USER_PATHS = NO;
				ASSETCATALOG_COMPILER_GENERATE_SWIFT_ASSET_SYMBOL_EXTENSIONS = YES;
				CLANG_ANALYZER_NONNULL = YES;
				CLANG_ANALYZER_NUMBER_OBJECT_CONVERSION = YES_AGGRESSIVE;
				CLANG_CXX_LANGUAGE_STANDARD = "gnu++20";
				CLANG_ENABLE_MODULES = YES;
				CLANG_ENABLE_OBJC_ARC = YES;
				CLANG_ENABLE_OBJC_WEAK = YES;
				CLANG_WARN_BLOCK_CAPTURE_AUTORELEASING = YES;
				CLANG_WARN_BOOL_CONVERSION = YES;
				CLANG_WARN_COMMA = YES;
				CLANG_WARN_CONSTANT_CONVERSION = YES;
				CLANG_WARN_DEPRECATED_OBJC_IMPLEMENTATIONS = YES;
				CLANG_WARN_DIRECT_OBJC_ISA_USAGE = YES_ERROR;
				CLANG_WARN_DOCUMENTATION_COMMENTS = YES;
				CLANG_WARN_EMPTY_BODY = YES;
				CLANG_WARN_ENUM_CONVERSION = YES;
				CLANG_WARN_INFINITE_RECURSION = YES;
				CLANG_WARN_INT_CONVERSION = YES;
				CLANG_WARN_NON_LITERAL_NULL_CONVERSION = YES;
				CLANG_WARN_OBJC_IMPLICIT_RETAIN_SELF = YES;
				CLANG_WARN_OBJC_LITERAL_CONVERSION = YES;
				CLANG_WARN_OBJC_ROOT_CLASS = YES_ERROR;
				CLANG_WARN_QUOTED_INCLUDE_IN_FRAMEWORK_HEADER = YES;
				CLANG_WARN_RANGE_LOOP_ANALYSIS = YES;
				CLANG_WARN_STRICT_PROTOTYPES = YES;
				CLANG_WARN_SUSPICIOUS_MOVE = YES;
				CLANG_WARN_UNGUARDED_AVAILABILITY = YES_AGGRESSIVE;
				CLANG_WARN_UNREACHABLE_CODE = YES;
				CLANG_WARN__DUPLICATE_METHOD_MATCH = YES;
				COPY_PHASE_STRIP = NO;
				DEBUG_INFORMATION_FORMAT = "dwarf-with-dsym";
				ENABLE_NS_ASSERTIONS = NO;
				ENABLE_STRICT_OBJC_MSGSEND = YES;
				ENABLE_USER_SCRIPT_SANDBOXING = YES;
				GCC_C_LANGUAGE_STANDARD = gnu17;
				GCC_NO_COMMON_BLOCKS = YES;
				GCC_WARN_64_TO_32_BIT_CONVERSION = YES;
				GCC_WARN_ABOUT_RETURN_TYPE = YES_ERROR;
				GCC_WARN_UNDECLARED_SELECTOR = YES;
				GCC_WARN_UNINITIALIZED_AUTOS = YES_AGGRESSIVE;
				GCC_WARN_UNUSED_FUNCTION = YES;
				GCC_WARN_UNUSED_VARIABLE = YES;
				IPHONEOS_DEPLOYMENT_TARGET = 18.1;
				LOCALIZATION_PREFERS_STRING_CATALOGS = YES;
				MTL_ENABLE_DEBUG_INFO = NO;
				MTL_FAST_MATH = YES;
				SDKROOT = iphoneos;
				SWIFT_COMPILATION_MODE = wholemodule;
				VALIDATE_PRODUCT = YES;
			};
			name = Release;
		};
		E09AE2F82D3373EB00C580FF /* Debug */ = {
			isa = XCBuildConfiguration;
			buildSettings = {
				BUNDLE_LOADER = "$(TEST_HOST)";
				CODE_SIGN_STYLE = Automatic;
				CURRENT_PROJECT_VERSION = 1;
				DEVELOPMENT_TEAM = 6L5MWKB76A;
				GENERATE_INFOPLIST_FILE = YES;
				IPHONEOS_DEPLOYMENT_TARGET = 18.1;
				MARKETING_VERSION = 1.0;
				PRODUCT_BUNDLE_IDENTIFIER = cc.a7mad.LookScannedTests;
				PRODUCT_NAME = "$(TARGET_NAME)";
				SWIFT_EMIT_LOC_STRINGS = NO;
				SWIFT_VERSION = 5.0;
				TARGETED_DEVICE_FAMILY = "1,2";
				TEST_HOST = "$(BUILT_PRODUCTS_DIR)/LookScanned.app/$(BUNDLE_EXECUTABLE_FOLDER_PATH)/LookScanned";
			};
			name = Debug;
		};
		E09AE2F92D3373EB00C580FF /* Release */ = {
			isa = XCBuildConfiguration;
			buildSettings = {
				BUNDLE_LOADER = "$(TEST_HOST)";
				CODE_SIGN_STYLE = Automatic;
				CURRENT_PROJECT_VERSION = 1;
				DEVELOPMENT_TEAM = 6L5MWKB76A;
				GENERATE_INFOPLIST_FILE = YES;
				IPHONEOS_DEPLOYMENT_TARGET = 18.1;
				MARKETING_VERSION = 1.0;
				PRODUCT_BUNDLE_IDENTIFIER = cc.a7mad.LookScannedTests;
				PRODUCT_NAME = "$(TARGET_NAME)";
				SWIFT_EMIT_LOC_STRINGS = NO;
				SWIFT_VERSION = 5.0;
				TARGETED_DEVICE_FAMILY = "1,2";
				TEST_HOST = "$(BUILT_PRODUCTS_DIR)/LookScanned.app/$(BUNDLE_EXECUTABLE_FOLDER_PATH)/LookScanned";
			};
			name = Release;
		};
		E09AE2FB2D3373EB00C580FF /* Debug */ = {
			isa = XCBuildConfiguration;
			buildSettings = {
				CODE_SIGN_STYLE = Automatic;
				CURRENT_PROJECT_VERSION = 1;
				DEVELOPMENT_TEAM = 6L5MWKB76A;
				GENERATE_INFOPLIST_FILE = YES;
				MARKETING_VERSION = 1.0;
				PRODUCT_BUNDLE_IDENTIFIER = cc.a7mad.LookScannedUITests;
				PRODUCT_NAME = "$(TARGET_NAME)";
				SWIFT_EMIT_LOC_STRINGS = NO;
				SWIFT_VERSION = 5.0;
				TARGETED_DEVICE_FAMILY = "1,2";
				TEST_TARGET_NAME = LookScanned;
			};
			name = Debug;
		};
		E09AE2FC2D3373EB00C580FF /* Release */ = {
			isa = XCBuildConfiguration;
			buildSettings = {
				CODE_SIGN_STYLE = Automatic;
				CURRENT_PROJECT_VERSION = 1;
				DEVELOPMENT_TEAM = 6L5MWKB76A;
				GENERATE_INFOPLIST_FILE = YES;
				MARKETING_VERSION = 1.0;
				PRODUCT_BUNDLE_IDENTIFIER = cc.a7mad.LookScannedUITests;
				PRODUCT_NAME = "$(TARGET_NAME)";
				SWIFT_EMIT_LOC_STRINGS = NO;
				SWIFT_VERSION = 5.0;
				TARGETED_DEVICE_FAMILY = "1,2";
				TEST_TARGET_NAME = LookScanned;
			};
			name = Release;
		};
/* End XCBuildConfiguration section */

/* Begin XCConfigurationList section */
		E09AE2C42D3373E900C580FF /* Build configuration list for PBXProject "LookScanned" */ = {
			isa = XCConfigurationList;
			buildConfigurations = (
				E09AE2F52D3373EB00C580FF /* Debug */,
				E09AE2F62D3373EB00C580FF /* Release */,
			);
			defaultConfigurationIsVisible = 0;
			defaultConfigurationName = Release;
		};
		E09AE2F22D3373EB00C580FF /* Build configuration list for PBXNativeTarget "LookScanned" */ = {
			isa = XCConfigurationList;
			buildConfigurations = (
				E09AE2F32D3373EB00C580FF /* Debug */,
				E09AE2F42D3373EB00C580FF /* Release */,
			);
			defaultConfigurationIsVisible = 0;
			defaultConfigurationName = Release;
		};
		E09AE2F72D3373EB00C580FF /* Build configuration list for PBXNativeTarget "LookScannedTests" */ = {
			isa = XCConfigurationList;
			buildConfigurations = (
				E09AE2F82D3373EB00C580FF /* Debug */,
				E09AE2F92D3373EB00C580FF /* Release */,
			);
			defaultConfigurationIsVisible = 0;
			defaultConfigurationName = Release;
		};
		E09AE2FA2D3373EB00C580FF /* Build configuration list for PBXNativeTarget "LookScannedUITests" */ = {
			isa = XCConfigurationList;
			buildConfigurations = (
				E09AE2FB2D3373EB00C580FF /* Debug */,
				E09AE2FC2D3373EB00C580FF /* Release */,
			);
			defaultConfigurationIsVisible = 0;
			defaultConfigurationName = Release;
		};
/* End XCConfigurationList section */
	};
	rootObject = E09AE2C12D3373E900C580FF /* Project object */;
}
